
Microsoft Visual Studio Solution File, Format Version 12.00
# Visual Studio Version 16
VisualStudioVersion = 16.0.31624.102
MinimumVisualStudioVersion = 10.0.40219.1
Project("{FAE04EC0-301F-11D3-BF4B-00C04F79EFBC}") = "XML_Json_Project", "XML_Json_Project\XML_Json_Project.csproj", "{98E60C10-F3E6-431A-9994-9E6434CA50B6}"
EndProject
Global
	GlobalSection(SolutionConfigurationPlatforms) = preSolution
		Debug|Any CPU = Debug|Any CPU
		Release|Any CPU = Release|Any CPU
	EndGlobalSection
	GlobalSection(ProjectConfigurationPlatforms) = postSolution
		{98E60C10-F3E6-431A-9994-9E6434CA50B6}.Debug|Any CPU.ActiveCfg = Debug|Any CPU
		{98E60C10-F3E6-431A-9994-9E6434CA50B6}.Debug|Any CPU.Build.0 = Debug|Any CPU
		{98E60C10-F3E6-431A-9994-9E6434CA50B6}.Release|Any CPU.ActiveCfg = Release|Any CPU
		{98E60C10-F3E6-431A-9994-9E6434CA50B6}.Release|Any CPU.Build.0 = Release|Any CPU
	EndGlobalSection
	GlobalSection(SolutionProperties) = preSolution
		HideSolutionNode = FALSE
	EndGlobalSection
	GlobalSection(ExtensibilityGlobals) = postSolution
		SolutionGuid = {76C49588-FDA7-4362-AEC1-17B82F77B056}
	EndGlobalSection
EndGlobal
